
Microsoft Visual Studio Solution File, Format Version 12.00
# Visual Studio Version 16
VisualStudioVersion = 16.0.29728.190
MinimumVisualStudioVersion = 10.0.40219.1
Project("{FAE04EC0-301F-11D3-BF4B-00C04F79EFBC}") = "Kitaplik", "Kitaplik\Kitaplik.csproj", "{29BF8D93-4A4D-4FE8-A577-4EDA6DCFEEB0}"
EndProject
Global
	GlobalSection(SolutionConfigurationPlatforms) = preSolution
		Debug|Any CPU = Debug|Any CPU
		Release|Any CPU = Release|Any CPU
	EndGlobalSection
	GlobalSection(ProjectConfigurationPlatforms) = postSolution
		{29BF8D93-4A4D-4FE8-A577-4EDA6DCFEEB0}.Debug|Any CPU.ActiveCfg = Debug|Any CPU
		{29BF8D93-4A4D-4FE8-A577-4EDA6DCFEEB0}.Debug|Any CPU.Build.0 = Debug|Any CPU
		{29BF8D93-4A4D-4FE8-A577-4EDA6DCFEEB0}.Release|Any CPU.ActiveCfg = Release|Any CPU
		{29BF8D93-4A4D-4FE8-A577-4EDA6DCFEEB0}.Release|Any CPU.Build.0 = Release|Any CPU
	EndGlobalSection
	GlobalSection(SolutionProperties) = preSolution
		HideSolutionNode = FALSE
	EndGlobalSection
	GlobalSection(ExtensibilityGlobals) = postSolution
		SolutionGuid = {5D10FD0E-997A-4E5C-80DF-94C1FD7BF48D}
	EndGlobalSection
EndGlobal
